
Microsoft Visual Studio Solution File, Format Version 12.00
# Visual Studio Version 16
VisualStudioVersion = 16.0.32228.343
MinimumVisualStudioVersion = 10.0.40219.1
Project("{FAE04EC0-301F-11D3-BF4B-00C04F79EFBC}") = "abstracttask", "abstracttask\abstracttask.csproj", "{AAB2C2EC-E786-4418-88B9-9DFE02CEC417}"
EndProject
Global
	GlobalSection(SolutionConfigurationPlatforms) = preSolution
		Debug|Any CPU = Debug|Any CPU
		Release|Any CPU = Release|Any CPU
	EndGlobalSection
	GlobalSection(ProjectConfigurationPlatforms) = postSolution
		{AAB2C2EC-E786-4418-88B9-9DFE02CEC417}.Debug|Any CPU.ActiveCfg = Debug|Any CPU
		{AAB2C2EC-E786-4418-88B9-9DFE02CEC417}.Debug|Any CPU.Build.0 = Debug|Any CPU
		{AAB2C2EC-E786-4418-88B9-9DFE02CEC417}.Release|Any CPU.ActiveCfg = Release|Any CPU
		{AAB2C2EC-E786-4418-88B9-9DFE02CEC417}.Release|Any CPU.Build.0 = Release|Any CPU
	EndGlobalSection
	GlobalSection(SolutionProperties) = preSolution
		HideSolutionNode = FALSE
	EndGlobalSection
	GlobalSection(ExtensibilityGlobals) = postSolution
		SolutionGuid = {6EF683AC-DB37-46C6-BDA2-6C537E7B763F}
	EndGlobalSection
EndGlobal
